# This file is automatically @generated by Cargo.
# It is not intended for manual editing.
version = 3

[[package]]
name = "addr2line"
version = "0.22.0"
source = "registry+https://github.com/rust-lang/crates.io-index"
checksum = "6e4503c46a5c0c7844e948c9a4d6acd9f50cccb4de1c48eb9e291ea17470c678"
dependencies = [
 "gimli",
]

[[package]]
name = "adler"
version = "1.0.2"
source = "registry+https://github.com/rust-lang/crates.io-index"
checksum = "f26201604c87b1e01bd3d98f8d5d9a8fcbb815e8cedb41ffccbeb4bf593a35fe"

[[package]]
name = "ahash"
version = "0.7.8"
source = "registry+https://github.com/rust-lang/crates.io-index"
checksum = "891477e0c6a8957309ee5c45a6368af3ae14bb510732d2684ffa19af310920f9"
dependencies = [
 "getrandom",
 "once_cell",
 "version_check",
]

[[package]]
name = "atomic-waker"
version = "1.1.2"
source = "registry+https://github.com/rust-lang/crates.io-index"
checksum = "1505bd5d3d116872e7271a6d4e16d81d0c8570876c8de68093a09ac269d8aac0"

[[package]]
name = "autocfg"
version = "1.3.0"
source = "registry+https://github.com/rust-lang/crates.io-index"
checksum = "0c4b4d0bd25bd0b74681c0ad21497610ce1b7c91b1022cd21c80c6fbdd9476b0"

[[package]]
name = "backtrace"
version = "0.3.72"
source = "registry+https://github.com/rust-lang/crates.io-index"
checksum = "17c6a35df3749d2e8bb1b7b21a976d82b15548788d2735b9d82f329268f71a11"
dependencies = [
 "addr2line",
 "cc",
 "cfg-if",
 "libc",
 "miniz_oxide",
 "object",
 "rustc-demangle",
]

[[package]]
name = "bitflags"
version = "2.5.0"
source = "registry+https://github.com/rust-lang/crates.io-index"
checksum = "cf4b9d6a944f767f8e5e0db018570623c85f3d925ac718db4e06d0187adb21c1"

[[package]]
name = "bitmaps"
version = "3.2.1"
source = "registry+https://github.com/rust-lang/crates.io-index"
checksum = "a1d084b0137aaa901caf9f1e8b21daa6aa24d41cd806e111335541eff9683bd6"

[[package]]
name = "buddy-alloc"
version = "0.4.2"
source = "registry+https://github.com/rust-lang/crates.io-index"
checksum = "3240a4cb09cf0da6a51641bd40ce90e96ea6065e3a1adc46434029254bcc2d09"

[[package]]
name = "bumpalo"
version = "3.16.0"
source = "registry+https://github.com/rust-lang/crates.io-index"
checksum = "79296716171880943b8470b5f8d03aa55eb2e645a4874bdbb28adb49162e012c"

[[package]]
name = "bytes"
version = "1.6.1"
source = "registry+https://github.com/rust-lang/crates.io-index"
checksum = "a12916984aab3fa6e39d655a33e09c0071eb36d6ab3aea5c2d78551f1df6d952"

[[package]]
name = "cache-padded"
version = "1.3.0"
source = "registry+https://github.com/rust-lang/crates.io-index"
checksum = "981520c98f422fcc584dc1a95c334e6953900b9106bc47a9839b81790009eb21"

[[package]]
name = "cc"
version = "1.0.98"
source = "registry+https://github.com/rust-lang/crates.io-index"
checksum = "41c270e7540d725e65ac7f1b212ac8ce349719624d7bcff99f8e2e488e8cf03f"

[[package]]
name = "cfg-if"
version = "1.0.0"
source = "registry+https://github.com/rust-lang/crates.io-index"
checksum = "baf1de4339761588bc0619e3cbc0120ee582ebb74b53b4efbf79117bd2da40fd"

[[package]]
name = "concurrent-queue"
version = "1.2.4"
source = "registry+https://github.com/rust-lang/crates.io-index"
checksum = "af4780a44ab5696ea9e28294517f1fffb421a83a25af521333c838635509db9c"
dependencies = [
 "cache-padded",
]

[[package]]
name = "crossbeam"
version = "0.8.4"
source = "registry+https://github.com/rust-lang/crates.io-index"
checksum = "1137cd7e7fc0fb5d3c5a8678be38ec56e819125d8d7907411fe24ccb943faca8"
dependencies = [
 "crossbeam-channel",
 "crossbeam-deque",
 "crossbeam-epoch",
 "crossbeam-queue",
 "crossbeam-utils",
]

[[package]]
name = "crossbeam-channel"
version = "0.5.13"
source = "registry+https://github.com/rust-lang/crates.io-index"
checksum = "33480d6946193aa8033910124896ca395333cae7e2d1113d1fef6c3272217df2"
dependencies = [
 "crossbeam-utils",
]

[[package]]
name = "crossbeam-deque"
version = "0.8.5"
source = "registry+https://github.com/rust-lang/crates.io-index"
checksum = "613f8cc01fe9cf1a3eb3d7f488fd2fa8388403e97039e2f73692932e291a770d"
dependencies = [
 "crossbeam-epoch",
 "crossbeam-utils",
]

[[package]]
name = "crossbeam-epoch"
version = "0.9.18"
source = "registry+https://github.com/rust-lang/crates.io-index"
checksum = "5b82ac4a3c2ca9c3460964f020e1402edd5753411d7737aa39c3714ad1b5420e"
dependencies = [
 "crossbeam-utils",
]

[[package]]
name = "crossbeam-queue"
version = "0.3.11"
source = "registry+https://github.com/rust-lang/crates.io-index"
checksum = "df0346b5d5e76ac2fe4e327c5fd1118d6be7c51dfb18f9b7922923f287471e35"
dependencies = [
 "crossbeam-utils",
]

[[package]]
name = "crossbeam-utils"
version = "0.8.20"
source = "registry+https://github.com/rust-lang/crates.io-index"
checksum = "22ec99545bb0ed0ea7bb9b8e1e9122ea386ff8a48c0922e43f36d45ab09e0e80"

[[package]]
name = "enclose"
version = "1.2.0"
source = "registry+https://github.com/rust-lang/crates.io-index"
checksum = "bef4f6f904480430009ad8f22edc9573e26e4f137365f014d7ea998d5341639a"

[[package]]
name = "equivalent"
version = "1.0.1"
source = "registry+https://github.com/rust-lang/crates.io-index"
checksum = "5443807d6dff69373d433ab9ef5378ad8df50ca6298caf15de6e52e24aaf54d5"

[[package]]
name = "fastrand"
version = "1.9.0"
source = "registry+https://github.com/rust-lang/crates.io-index"
checksum = "e51093e27b0797c359783294ca4f0a911c270184cb10f85783b118614a1501be"
dependencies = [
 "instant",
]

[[package]]
name = "fastrand"
version = "2.1.0"
source = "registry+https://github.com/rust-lang/crates.io-index"
checksum = "9fc0510504f03c51ada170672ac806f1f105a88aa97a5281117e1ddc3368e51a"

[[package]]
name = "flume"
version = "0.10.14"
source = "registry+https://github.com/rust-lang/crates.io-index"
checksum = "1657b4441c3403d9f7b3409e47575237dac27b1b5726df654a6ecbf92f0f7577"
dependencies = [
 "futures-core",
 "futures-sink",
 "nanorand",
 "pin-project",
 "spin",
]

[[package]]
name = "fnv"
version = "1.0.7"
source = "registry+https://github.com/rust-lang/crates.io-index"
checksum = "3f9eec918d3f24069decb9af1554cad7c880e2da24a9afd88aca000531ab82c1"

[[package]]
name = "futures-channel"
version = "0.3.30"
source = "registry+https://github.com/rust-lang/crates.io-index"
checksum = "eac8f7d7865dcb88bd4373ab671c8cf4508703796caa2b1985a9ca867b3fcb78"
dependencies = [
 "futures-core",
]

[[package]]
name = "futures-core"
version = "0.3.30"
source = "registry+https://github.com/rust-lang/crates.io-index"
checksum = "dfc6580bb841c5a68e9ef15c77ccc837b40a7504914d52e47b8b0e9bbda25a1d"

[[package]]
name = "futures-io"
version = "0.3.30"
source = "registry+https://github.com/rust-lang/crates.io-index"
checksum = "a44623e20b9681a318efdd71c299b6b222ed6f231972bfe2f224ebad6311f0c1"

[[package]]
name = "futures-lite"
version = "1.13.0"
source = "registry+https://github.com/rust-lang/crates.io-index"
checksum = "49a9d51ce47660b1e808d3c990b4709f2f415d928835a17dfd16991515c46bce"
dependencies = [
 "fastrand 1.9.0",
 "futures-core",
 "futures-io",
 "memchr",
 "parking",
 "pin-project-lite",
 "waker-fn",
]

[[package]]
name = "futures-lite"
version = "2.3.0"
source = "registry+https://github.com/rust-lang/crates.io-index"
checksum = "52527eb5074e35e9339c6b4e8d12600c7128b68fb25dcb9fa9dec18f7c25f3a5"
dependencies = [
 "fastrand 2.1.0",
 "futures-core",
 "futures-io",
 "parking",
 "pin-project-lite",
]

[[package]]
name = "futures-sink"
version = "0.3.30"
source = "registry+https://github.com/rust-lang/crates.io-index"
checksum = "9fb8e00e87438d937621c1c6269e53f536c14d3fbd6a042bb24879e57d474fb5"

[[package]]
name = "futures-task"
version = "0.3.30"
source = "registry+https://github.com/rust-lang/crates.io-index"
checksum = "38d84fa142264698cdce1a9f9172cf383a0c82de1bddcf3092901442c4097004"

[[package]]
name = "futures-util"
version = "0.3.30"
source = "registry+https://github.com/rust-lang/crates.io-index"
checksum = "3d6401deb83407ab3da39eba7e33987a73c3df0c82b4bb5813ee871c19c41d48"
dependencies = [
 "futures-core",
 "futures-task",
 "pin-project-lite",
 "pin-utils",
]

[[package]]
name = "getrandom"
version = "0.2.15"
source = "registry+https://github.com/rust-lang/crates.io-index"
checksum = "c4567c8db10ae91089c99af84c68c38da3ec2f087c3f82960bcdbf3656b6f4d7"
dependencies = [
 "cfg-if",
 "js-sys",
 "libc",
 "wasi",
 "wasm-bindgen",
]

[[package]]
name = "gimli"
version = "0.29.0"
source = "registry+https://github.com/rust-lang/crates.io-index"
checksum = "40ecd4077b5ae9fd2e9e169b102c6c330d0605168eb0e8bf79952b256dbefffd"

[[package]]
name = "glommio"
version = "0.9.0"
source = "registry+https://github.com/rust-lang/crates.io-index"
checksum = "e1f8bc1fce949d18098dc0a4e861314e40351a0144ebf61e59bdb5254a2273b2"
dependencies = [
 "ahash",
 "backtrace",
 "bitflags",
 "bitmaps",
 "buddy-alloc",
 "cc",
 "concurrent-queue",
 "crossbeam",
 "enclose",
 "flume",
 "futures-lite 1.13.0",
 "intrusive-collections",
 "lazy_static",
 "libc",
 "lockfree",
 "log",
 "nix",
 "pin-project-lite",
 "rlimit",
 "scoped-tls",
 "scopeguard",
 "signal-hook",
 "sketches-ddsketch",
 "smallvec",
 "socket2",
 "tracing",
 "typenum",
]

[[package]]
name = "h2"
version = "0.4.5"
source = "registry+https://github.com/rust-lang/crates.io-index"
checksum = "fa82e28a107a8cc405f0839610bdc9b15f1e25ec7d696aa5cf173edbcb1486ab"
dependencies = [
 "atomic-waker",
 "bytes",
 "fnv",
 "futures-core",
 "futures-sink",
 "http",
 "indexmap",
 "slab",
 "tokio",
 "tokio-util",
 "tracing",
]

[[package]]
name = "hashbrown"
version = "0.14.5"
source = "registry+https://github.com/rust-lang/crates.io-index"
checksum = "e5274423e17b7c9fc20b6e7e208532f9b19825d82dfd615708b70edd83df41f1"

[[package]]
name = "hermit-abi"
version = "0.3.9"
source = "registry+https://github.com/rust-lang/crates.io-index"
checksum = "d231dfb89cfffdbc30e7fc41579ed6066ad03abda9e567ccafae602b97ec5024"

[[package]]
name = "http"
version = "1.1.0"
source = "registry+https://github.com/rust-lang/crates.io-index"
checksum = "21b9ddb458710bc376481b842f5da65cdf31522de232c1ca8146abce2a358258"
dependencies = [
 "bytes",
 "fnv",
 "itoa",
]

[[package]]
name = "http-body"
version = "1.0.1"
source = "registry+https://github.com/rust-lang/crates.io-index"
checksum = "1efedce1fb8e6913f23e0c92de8e62cd5b772a67e7b3946df930a62566c93184"
dependencies = [
 "bytes",
 "http",
]

[[package]]
name = "httparse"
version = "1.9.4"
source = "registry+https://github.com/rust-lang/crates.io-index"
checksum = "0fcc0b4a115bf80b728eb8ea024ad5bd707b615bfed49e0665b6e0f86fd082d9"

[[package]]
name = "httpdate"
version = "1.0.3"
source = "registry+https://github.com/rust-lang/crates.io-index"
checksum = "df3b46402a9d5adb4c86a0cf463f42e19994e3ee891101b1841f30a545cb49a9"

[[package]]
name = "hyper"
version = "1.4.1"
source = "registry+https://github.com/rust-lang/crates.io-index"
checksum = "50dfd22e0e76d0f662d429a5f80fcaf3855009297eab6a0a9f8543834744ba05"
dependencies = [
 "bytes",
 "futures-channel",
 "futures-util",
 "h2",
 "http",
 "http-body",
 "httparse",
 "httpdate",
 "itoa",
 "pin-project-lite",
 "smallvec",
 "tokio",
]

[[package]]
name = "hyper-util"
version = "0.1.6"
source = "registry+https://github.com/rust-lang/crates.io-index"
checksum = "3ab92f4f49ee4fb4f997c784b7a2e0fa70050211e0b6a287f898c3c9785ca956"
dependencies = [
 "bytes",
 "futures-util",
 "http",
 "http-body",
 "hyper",
 "pin-project-lite",
]

[[package]]
name = "indexmap"
version = "2.2.6"
source = "registry+https://github.com/rust-lang/crates.io-index"
checksum = "168fb715dda47215e360912c096649d23d58bf392ac62f73919e831745e40f26"
dependencies = [
 "equivalent",
 "hashbrown",
]

[[package]]
name = "instant"
version = "0.1.13"
source = "registry+https://github.com/rust-lang/crates.io-index"
checksum = "e0242819d153cba4b4b05a5a8f2a7e9bbf97b6055b2a002b395c96b5ff3c0222"
dependencies = [
 "cfg-if",
]

[[package]]
name = "intrusive-collections"
version = "0.9.6"
source = "registry+https://github.com/rust-lang/crates.io-index"
checksum = "b694dc9f70c3bda874626d2aed13b780f137aab435f4e9814121955cf706122e"
dependencies = [
 "memoffset",
]

[[package]]
name = "itoa"
version = "1.0.11"
source = "registry+https://github.com/rust-lang/crates.io-index"
checksum = "49f1f14873335454500d59611f1cf4a4b0f786f9ac11f4312a78e4cf2566695b"

[[package]]
name = "js-sys"
version = "0.3.69"
source = "registry+https://github.com/rust-lang/crates.io-index"
checksum = "29c15563dc2726973df627357ce0c9ddddbea194836909d655df6a75d2cf296d"
dependencies = [
 "wasm-bindgen",
]

[[package]]
name = "laya"
version = "0.1.0"
dependencies = [
 "futures-lite 2.3.0",
 "glommio",
 "hyper",
 "hyper-util",
 "num_cpus",
 "once_cell",
 "tracing",
 "tracing-subscriber",
]

[[package]]
name = "lazy_static"
version = "1.5.0"
source = "registry+https://github.com/rust-lang/crates.io-index"
checksum = "bbd2bcb4c963f2ddae06a2efc7e9f3591312473c50c6685e1f298068316e66fe"

[[package]]
name = "libc"
version = "0.2.155"
source = "registry+https://github.com/rust-lang/crates.io-index"
checksum = "97b3888a4aecf77e811145cadf6eef5901f4782c53886191b2f693f24761847c"

[[package]]
name = "lock_api"
version = "0.4.12"
source = "registry+https://github.com/rust-lang/crates.io-index"
checksum = "07af8b9cdd281b7915f413fa73f29ebd5d55d0d3f0155584dade1ff18cea1b17"
dependencies = [
 "autocfg",
 "scopeguard",
]

[[package]]
name = "lockfree"
version = "0.5.1"
source = "registry+https://github.com/rust-lang/crates.io-index"
checksum = "74ee94b5ad113c7cb98c5a040f783d0952ee4fe100993881d1673c2cb002dd23"
dependencies = [
 "owned-alloc",
]

[[package]]
name = "log"
version = "0.4.21"
source = "registry+https://github.com/rust-lang/crates.io-index"
checksum = "90ed8c1e510134f979dbc4f070f87d4313098b704861a105fe34231c70a3901c"

[[package]]
name = "memchr"
version = "2.7.2"
source = "registry+https://github.com/rust-lang/crates.io-index"
checksum = "6c8640c5d730cb13ebd907d8d04b52f55ac9a2eec55b440c8892f40d56c76c1d"

[[package]]
name = "memoffset"
version = "0.9.1"
source = "registry+https://github.com/rust-lang/crates.io-index"
checksum = "488016bfae457b036d996092f6cb448677611ce4449e970ceaf42695203f218a"
dependencies = [
 "autocfg",
]

[[package]]
name = "miniz_oxide"
version = "0.7.3"
source = "registry+https://github.com/rust-lang/crates.io-index"
checksum = "87dfd01fe195c66b572b37921ad8803d010623c0aca821bea2302239d155cdae"
dependencies = [
 "adler",
]

[[package]]
name = "nanorand"
version = "0.7.0"
source = "registry+https://github.com/rust-lang/crates.io-index"
checksum = "6a51313c5820b0b02bd422f4b44776fbf47961755c74ce64afc73bfad10226c3"
dependencies = [
 "getrandom",
]

[[package]]
name = "nix"
version = "0.27.1"
source = "registry+https://github.com/rust-lang/crates.io-index"
checksum = "2eb04e9c688eff1c89d72b407f168cf79bb9e867a9d3323ed6c01519eb9cc053"
dependencies = [
 "bitflags",
 "cfg-if",
 "libc",
 "memoffset",
]

[[package]]
name = "nu-ansi-term"
version = "0.46.0"
source = "registry+https://github.com/rust-lang/crates.io-index"
checksum = "77a8165726e8236064dbb45459242600304b42a5ea24ee2948e18e023bf7ba84"
dependencies = [
 "overload",
 "winapi",
]

[[package]]
name = "num_cpus"
version = "1.16.0"
source = "registry+https://github.com/rust-lang/crates.io-index"
checksum = "4161fcb6d602d4d2081af7c3a45852d875a03dd337a6bfdd6e06407b61342a43"
dependencies = [
 "hermit-abi",
 "libc",
]

[[package]]
name = "object"
version = "0.35.0"
source = "registry+https://github.com/rust-lang/crates.io-index"
checksum = "b8ec7ab813848ba4522158d5517a6093db1ded27575b070f4177b8d12b41db5e"
dependencies = [
 "memchr",
]

[[package]]
name = "once_cell"
version = "1.19.0"
source = "registry+https://github.com/rust-lang/crates.io-index"
checksum = "3fdb12b2476b595f9358c5161aa467c2438859caa136dec86c26fdd2efe17b92"

[[package]]
name = "overload"
version = "0.1.1"
source = "registry+https://github.com/rust-lang/crates.io-index"
checksum = "b15813163c1d831bf4a13c3610c05c0d03b39feb07f7e09fa234dac9b15aaf39"

[[package]]
name = "owned-alloc"
version = "0.2.0"
source = "registry+https://github.com/rust-lang/crates.io-index"
checksum = "30fceb411f9a12ff9222c5f824026be368ff15dc2f13468d850c7d3f502205d6"

[[package]]
name = "parking"
version = "2.2.0"
source = "registry+https://github.com/rust-lang/crates.io-index"
checksum = "bb813b8af86854136c6922af0598d719255ecb2179515e6e7730d468f05c9cae"

[[package]]
name = "pin-project"
version = "1.1.5"
source = "registry+https://github.com/rust-lang/crates.io-index"
checksum = "b6bf43b791c5b9e34c3d182969b4abb522f9343702850a2e57f460d00d09b4b3"
dependencies = [
 "pin-project-internal",
]

[[package]]
name = "pin-project-internal"
version = "1.1.5"
source = "registry+https://github.com/rust-lang/crates.io-index"
checksum = "2f38a4412a78282e09a2cf38d195ea5420d15ba0602cb375210efbc877243965"
dependencies = [
 "proc-macro2",
 "quote",
 "syn",
]

[[package]]
name = "pin-project-lite"
version = "0.2.14"
source = "registry+https://github.com/rust-lang/crates.io-index"
checksum = "bda66fc9667c18cb2758a2ac84d1167245054bcf85d5d1aaa6923f45801bdd02"

[[package]]
name = "pin-utils"
version = "0.1.0"
source = "registry+https://github.com/rust-lang/crates.io-index"
checksum = "8b870d8c151b6f2fb93e84a13146138f05d02ed11c7e7c54f8826aaaf7c9f184"

[[package]]
name = "proc-macro2"
version = "1.0.84"
source = "registry+https://github.com/rust-lang/crates.io-index"
checksum = "ec96c6a92621310b51366f1e28d05ef11489516e93be030060e5fc12024a49d6"
dependencies = [
 "unicode-ident",
]

[[package]]
name = "quote"
version = "1.0.36"
source = "registry+https://github.com/rust-lang/crates.io-index"
checksum = "0fa76aaf39101c457836aec0ce2316dbdc3ab723cdda1c6bd4e6ad4208acaca7"
dependencies = [
 "proc-macro2",
]

[[package]]
name = "rlimit"
version = "0.6.2"
source = "registry+https://github.com/rust-lang/crates.io-index"
checksum = "cc0bf25554376fd362f54332b8410a625c71f15445bca32ffdfdf4ec9ac91726"
dependencies = [
 "libc",
]

[[package]]
name = "rustc-demangle"
version = "0.1.24"
source = "registry+https://github.com/rust-lang/crates.io-index"
checksum = "719b953e2095829ee67db738b3bfa9fa368c94900df327b3f07fe6e794d2fe1f"

[[package]]
name = "scoped-tls"
version = "1.0.1"
source = "registry+https://github.com/rust-lang/crates.io-index"
checksum = "e1cf6437eb19a8f4a6cc0f7dca544973b0b78843adbfeb3683d1a94a0024a294"

[[package]]
name = "scopeguard"
version = "1.2.0"
source = "registry+https://github.com/rust-lang/crates.io-index"
checksum = "94143f37725109f92c262ed2cf5e59bce7498c01bcc1502d7b9afe439a4e9f49"

[[package]]
name = "sharded-slab"
version = "0.1.7"
source = "registry+https://github.com/rust-lang/crates.io-index"
checksum = "f40ca3c46823713e0d4209592e8d6e826aa57e928f09752619fc696c499637f6"
dependencies = [
 "lazy_static",
]

[[package]]
name = "signal-hook"
version = "0.3.17"
source = "registry+https://github.com/rust-lang/crates.io-index"
checksum = "8621587d4798caf8eb44879d42e56b9a93ea5dcd315a6487c357130095b62801"
dependencies = [
 "libc",
 "signal-hook-registry",
]

[[package]]
name = "signal-hook-registry"
version = "1.4.2"
source = "registry+https://github.com/rust-lang/crates.io-index"
checksum = "a9e9e0b4211b72e7b8b6e85c807d36c212bdb33ea8587f7569562a84df5465b1"
dependencies = [
 "libc",
]

[[package]]
name = "sketches-ddsketch"
version = "0.1.3"
source = "registry+https://github.com/rust-lang/crates.io-index"
checksum = "04d2ecae5fcf33b122e2e6bd520a57ccf152d2dde3b38c71039df1a6867264ee"

[[package]]
name = "slab"
version = "0.4.9"
source = "registry+https://github.com/rust-lang/crates.io-index"
checksum = "8f92a496fb766b417c996b9c5e57daf2f7ad3b0bebe1ccfca4856390e3d3bb67"
dependencies = [
 "autocfg",
]

[[package]]
name = "smallvec"
version = "1.13.2"
source = "registry+https://github.com/rust-lang/crates.io-index"
checksum = "3c5e1a9a646d36c3599cd173a41282daf47c44583ad367b8e6837255952e5c67"

[[package]]
name = "socket2"
version = "0.4.10"
source = "registry+https://github.com/rust-lang/crates.io-index"
checksum = "9f7916fc008ca5542385b89a3d3ce689953c143e9304a9bf8beec1de48994c0d"
dependencies = [
 "libc",
 "winapi",
]

[[package]]
name = "spin"
version = "0.9.8"
source = "registry+https://github.com/rust-lang/crates.io-index"
checksum = "6980e8d7511241f8acf4aebddbb1ff938df5eebe98691418c4468d0b72a96a67"
dependencies = [
 "lock_api",
]

[[package]]
name = "syn"
version = "2.0.66"
source = "registry+https://github.com/rust-lang/crates.io-index"
checksum = "c42f3f41a2de00b01c0aaad383c5a45241efc8b2d1eda5661812fda5f3cdcff5"
dependencies = [
 "proc-macro2",
 "quote",
 "unicode-ident",
]

[[package]]
name = "thread_local"
version = "1.1.8"
source = "registry+https://github.com/rust-lang/crates.io-index"
checksum = "8b9ef9bad013ada3808854ceac7b46812a6465ba368859a37e2100283d2d719c"
dependencies = [
 "cfg-if",
 "once_cell",
]

[[package]]
name = "tokio"
version = "1.39.1"
source = "registry+https://github.com/rust-lang/crates.io-index"
checksum = "d040ac2b29ab03b09d4129c2f5bbd012a3ac2f79d38ff506a4bf8dd34b0eac8a"
dependencies = [
 "backtrace",
 "bytes",
 "pin-project-lite",
]

[[package]]
name = "tokio-util"
version = "0.7.11"
source = "registry+https://github.com/rust-lang/crates.io-index"
checksum = "9cf6b47b3771c49ac75ad09a6162f53ad4b8088b76ac60e8ec1455b31a189fe1"
dependencies = [
 "bytes",
 "futures-core",
 "futures-sink",
 "pin-project-lite",
 "tokio",
]

[[package]]
name = "tracing"
version = "0.1.40"
source = "registry+https://github.com/rust-lang/crates.io-index"
checksum = "c3523ab5a71916ccf420eebdf5521fcef02141234bbc0b8a49f2fdc4544364ef"
dependencies = [
 "pin-project-lite",
 "tracing-attributes",
 "tracing-core",
]

[[package]]
name = "tracing-attributes"
version = "0.1.27"
source = "registry+https://github.com/rust-lang/crates.io-index"
checksum = "34704c8d6ebcbc939824180af020566b01a7c01f80641264eba0999f6c2b6be7"
dependencies = [
 "proc-macro2",
 "quote",
 "syn",
]

[[package]]
name = "tracing-core"
version = "0.1.32"
source = "registry+https://github.com/rust-lang/crates.io-index"
checksum = "c06d3da6113f116aaee68e4d601191614c9053067f9ab7f6edbcb161237daa54"
dependencies = [
 "once_cell",
 "valuable",
]

[[package]]
name = "tracing-log"
version = "0.2.0"
source = "registry+https://github.com/rust-lang/crates.io-index"
checksum = "ee855f1f400bd0e5c02d150ae5de3840039a3f54b025156404e34c23c03f47c3"
dependencies = [
 "log",
 "once_cell",
 "tracing-core",
]

[[package]]
name = "tracing-subscriber"
version = "0.3.18"
source = "registry+https://github.com/rust-lang/crates.io-index"
checksum = "ad0f048c97dbd9faa9b7df56362b8ebcaa52adb06b498c050d2f4e32f90a7a8b"
dependencies = [
 "nu-ansi-term",
 "sharded-slab",
 "smallvec",
 "thread_local",
 "tracing-core",
 "tracing-log",
]

[[package]]
name = "typenum"
version = "1.17.0"
source = "registry+https://github.com/rust-lang/crates.io-index"
checksum = "42ff0bf0c66b8238c6f3b578df37d0b7848e55df8577b3f74f92a69acceeb825"

[[package]]
name = "unicode-ident"
version = "1.0.12"
source = "registry+https://github.com/rust-lang/crates.io-index"
checksum = "3354b9ac3fae1ff6755cb6db53683adb661634f67557942dea4facebec0fee4b"

[[package]]
name = "valuable"
version = "0.1.0"
source = "registry+https://github.com/rust-lang/crates.io-index"
checksum = "830b7e5d4d90034032940e4ace0d9a9a057e7a45cd94e6c007832e39edb82f6d"

[[package]]
name = "version_check"
version = "0.9.4"
source = "registry+https://github.com/rust-lang/crates.io-index"
checksum = "49874b5167b65d7193b8aba1567f5c7d93d001cafc34600cee003eda787e483f"

[[package]]
name = "waker-fn"
version = "1.2.0"
source = "registry+https://github.com/rust-lang/crates.io-index"
checksum = "317211a0dc0ceedd78fb2ca9a44aed3d7b9b26f81870d485c07122b4350673b7"

[[package]]
name = "wasi"
version = "0.11.0+wasi-snapshot-preview1"
source = "registry+https://github.com/rust-lang/crates.io-index"
checksum = "9c8d87e72b64a3b4db28d11ce29237c246188f4f51057d65a7eab63b7987e423"

[[package]]
name = "wasm-bindgen"
version = "0.2.92"
source = "registry+https://github.com/rust-lang/crates.io-index"
checksum = "4be2531df63900aeb2bca0daaaddec08491ee64ceecbee5076636a3b026795a8"
dependencies = [
 "cfg-if",
 "wasm-bindgen-macro",
]

[[package]]
name = "wasm-bindgen-backend"
version = "0.2.92"
source = "registry+https://github.com/rust-lang/crates.io-index"
checksum = "614d787b966d3989fa7bb98a654e369c762374fd3213d212cfc0251257e747da"
dependencies = [
 "bumpalo",
 "log",
 "once_cell",
 "proc-macro2",
 "quote",
 "syn",
 "wasm-bindgen-shared",
]

[[package]]
name = "wasm-bindgen-macro"
version = "0.2.92"
source = "registry+https://github.com/rust-lang/crates.io-index"
checksum = "a1f8823de937b71b9460c0c34e25f3da88250760bec0ebac694b49997550d726"
dependencies = [
 "quote",
 "wasm-bindgen-macro-support",
]

[[package]]
name = "wasm-bindgen-macro-support"
version = "0.2.92"
source = "registry+https://github.com/rust-lang/crates.io-index"
checksum = "e94f17b526d0a461a191c78ea52bbce64071ed5c04c9ffe424dcb38f74171bb7"
dependencies = [
 "proc-macro2",
 "quote",
 "syn",
 "wasm-bindgen-backend",
 "wasm-bindgen-shared",
]

[[package]]
name = "wasm-bindgen-shared"
version = "0.2.92"
source = "registry+https://github.com/rust-lang/crates.io-index"
checksum = "af190c94f2773fdb3729c55b007a722abb5384da03bc0986df4c289bf5567e96"

[[package]]
name = "winapi"
version = "0.3.9"
source = "registry+https://github.com/rust-lang/crates.io-index"
checksum = "5c839a674fcd7a98952e593242ea400abe93992746761e38641405d28b00f419"
dependencies = [
 "winapi-i686-pc-windows-gnu",
 "winapi-x86_64-pc-windows-gnu",
]

[[package]]
name = "winapi-i686-pc-windows-gnu"
version = "0.4.0"
source = "registry+https://github.com/rust-lang/crates.io-index"
checksum = "ac3b87c63620426dd9b991e5ce0329eff545bccbbb34f3be09ff6fb6ab51b7b6"

[[package]]
name = "winapi-x86_64-pc-windows-gnu"
version = "0.4.0"
source = "registry+https://github.com/rust-lang/crates.io-index"
checksum = "712e227841d057c1ee1cd2fb22fa7e5a5461ae8e48fa2ca79ec42cfc1931183f"
